<?xml version="1.0" encoding="UTF-8"?>
<CONFIG>
  <ProjectOptions>
    <Version Value="12"/>
    <PathDelim Value="\"/>
    <General>
      <SessionStorage Value="InProjectDir"/>
      <Title Value="DKClaimwork"/>
      <Scaled Value="True"/>
      <ResourceType Value="res"/>
      <UseXPManifest Value="True"/>
      <XPManifest>
        <DpiAware Value="True"/>
      </XPManifest>
      <Icon Value="0"/>
    </General>
    <BuildModes>
      <Item Name="Default" Default="True"/>
    </BuildModes>
    <PublishOptions>
      <Version Value="2"/>
      <UseFileFilters Value="True"/>
    </PublishOptions>
    <RunParams>
      <FormatVersion Value="2"/>
    </RunParams>
    <RequiredPackages>
      <Item>
        <PackageName Value="DKVTUtils"/>
      </Item>
      <Item>
        <PackageName Value="virtualtreeview_package"/>
      </Item>
      <Item>
        <PackageName Value="rxnew"/>
      </Item>
      <Item>
        <PackageName Value="DateTimeCtrls"/>
      </Item>
      <Item>
        <PackageName Value="DKDatabase"/>
      </Item>
      <Item>
        <PackageName Value="DKZoom"/>
      </Item>
      <Item>
        <PackageName Value="DKSpreadSheet"/>
      </Item>
      <Item>
        <PackageName Value="DKUtils"/>
      </Item>
      <Item>
        <PackageName Value="laz_fpspreadsheet_visual"/>
      </Item>
      <Item>
        <PackageName Value="bgracontrols"/>
      </Item>
      <Item>
        <PackageName Value="LazControls"/>
      </Item>
      <Item>
        <PackageName Value="LCL"/>
      </Item>
    </RequiredPackages>
    <Units>
      <Unit>
        <Filename Value="DKClaimwork.lpr"/>
        <IsPartOfProject Value="True"/>
      </Unit>
      <Unit>
        <Filename Value="umainform.pas"/>
        <IsPartOfProject Value="True"/>
        <ComponentName Value="MainForm"/>
        <HasResources Value="True"/>
        <ResourceBaseClass Value="Form"/>
        <UnitName Value="UMainForm"/>
      </Unit>
      <Unit>
        <Filename Value="uletters.pas"/>
        <IsPartOfProject Value="True"/>
        <UnitName Value="ULetters"/>
      </Unit>
      <Unit>
        <Filename Value="usheets.pas"/>
        <IsPartOfProject Value="True"/>
        <UnitName Value="USheets"/>
      </Unit>
      <Unit>
        <Filename Value="uutils.pas"/>
        <IsPartOfProject Value="True"/>
        <UnitName Value="Uutils"/>
      </Unit>
      <Unit>
        <Filename Value="usqlite.pas"/>
        <IsPartOfProject Value="True"/>
        <UnitName Value="USQLite"/>
      </Unit>
      <Unit>
        <Filename Value="umotoreditform.pas"/>
        <IsPartOfProject Value="True"/>
        <ComponentName Value="MotorEditForm"/>
        <HasResources Value="True"/>
        <ResourceBaseClass Value="Form"/>
        <UnitName Value="UMotorEditForm"/>
      </Unit>
      <Unit>
        <Filename Value="usendereditform.pas"/>
        <IsPartOfProject Value="True"/>
        <ComponentName Value="SenderEditForm"/>
        <HasResources Value="True"/>
        <ResourceBaseClass Value="Form"/>
        <UnitName Value="USenderEditForm"/>
      </Unit>
      <Unit>
        <Filename Value="ureceivereditform.pas"/>
        <IsPartOfProject Value="True"/>
        <ComponentName Value="ReceiverEditForm"/>
        <HasResources Value="True"/>
        <ResourceBaseClass Value="Form"/>
        <UnitName Value="UReceiverEditForm"/>
      </Unit>
      <Unit>
        <Filename Value="uimageeditform.pas"/>
        <IsPartOfProject Value="True"/>
        <ComponentName Value="ImageEditForm"/>
        <HasResources Value="True"/>
        <ResourceBaseClass Value="Form"/>
        <UnitName Value="UImageEditForm"/>
      </Unit>
      <Unit>
        <Filename Value="unoteeditform.pas"/>
        <IsPartOfProject Value="True"/>
        <ComponentName Value="NoteEditForm"/>
        <HasResources Value="True"/>
        <ResourceBaseClass Value="Form"/>
        <UnitName Value="UNoteEditForm"/>
      </Unit>
      <Unit>
        <Filename Value="ulettereditform.pas"/>
        <IsPartOfProject Value="True"/>
        <ComponentName Value="LetterEditForm"/>
        <HasResources Value="True"/>
        <ResourceBaseClass Value="Form"/>
        <UnitName Value="ULetterEditForm"/>
      </Unit>
      <Unit>
        <Filename Value="uletterstandardform.pas"/>
        <IsPartOfProject Value="True"/>
        <ComponentName Value="LetterStandardForm"/>
        <HasResources Value="True"/>
        <ResourceBaseClass Value="Form"/>
        <UnitName Value="ULetterStandardForm"/>
      </Unit>
      <Unit>
        <Filename Value="urepairdateseditform.pas"/>
        <IsPartOfProject Value="True"/>
        <ComponentName Value="RepairDatesEditForm"/>
        <HasResources Value="True"/>
        <ResourceBaseClass Value="Form"/>
        <UnitName Value="URepairDatesEditForm"/>
      </Unit>
      <Unit>
        <Filename Value="ulettercustomform.pas"/>
        <IsPartOfProject Value="True"/>
        <ComponentName Value="LetterCustomForm"/>
        <HasResources Value="True"/>
        <ResourceBaseClass Value="Form"/>
        <UnitName Value="ULetterCustomForm"/>
      </Unit>
      <Unit>
        <Filename Value="uaboutform.pas"/>
        <IsPartOfProject Value="True"/>
        <ComponentName Value="AboutForm"/>
        <HasResources Value="True"/>
        <ResourceBaseClass Value="Form"/>
        <UnitName Value="UAboutForm"/>
      </Unit>
      <Unit>
        <Filename Value="umoneydateseditform.pas"/>
        <IsPartOfProject Value="True"/>
        <ComponentName Value="MoneyDatesEditForm"/>
        <HasResources Value="True"/>
        <ResourceBaseClass Value="Form"/>
        <UnitName Value="UMoneyDatesEditForm"/>
      </Unit>
      <Unit>
        <Filename Value="ustatisticform.pas"/>
        <IsPartOfProject Value="True"/>
        <ComponentName Value="StatisticForm"/>
        <HasResources Value="True"/>
        <ResourceBaseClass Value="Form"/>
        <UnitName Value="UStatisticForm"/>
      </Unit>
      <Unit>
        <Filename Value="umotorlistform.pas"/>
        <IsPartOfProject Value="True"/>
        <ComponentName Value="MotorListForm"/>
        <HasResources Value="True"/>
        <ResourceBaseClass Value="Form"/>
        <UnitName Value="UMotorListForm"/>
      </Unit>
      <Unit>
        <Filename Value="ureclamationform.pas"/>
        <IsPartOfProject Value="True"/>
        <ComponentName Value="ReclamationForm"/>
        <HasResources Value="True"/>
        <ResourceBaseClass Value="Form"/>
        <UnitName Value="UReclamationForm"/>
      </Unit>
      <Unit>
        <Filename Value="urepairform.pas"/>
        <IsPartOfProject Value="True"/>
        <ComponentName Value="RepairForm"/>
        <HasResources Value="True"/>
        <ResourceBaseClass Value="Form"/>
        <UnitName Value="URepairForm"/>
      </Unit>
      <Unit>
        <Filename Value="upretensionform.pas"/>
        <IsPartOfProject Value="True"/>
        <ComponentName Value="PretensionForm"/>
        <HasResources Value="True"/>
        <ResourceBaseClass Value="Form"/>
        <UnitName Value="UPretensionForm"/>
      </Unit>
      <Unit>
        <Filename Value="ureclamationeditform.pas"/>
        <IsPartOfProject Value="True"/>
        <ComponentName Value="ReclamationEditForm"/>
        <HasResources Value="True"/>
        <ResourceBaseClass Value="Form"/>
        <UnitName Value="UReclamationEditForm"/>
      </Unit>
      <Unit>
        <Filename Value="umileageeditform.pas"/>
        <IsPartOfProject Value="True"/>
        <ComponentName Value="MileageEditForm"/>
        <HasResources Value="True"/>
        <ResourceBaseClass Value="Form"/>
        <UnitName Value="UMileageEditForm"/>
      </Unit>
      <Unit>
        <Filename Value="urepaireditform.pas"/>
        <IsPartOfProject Value="True"/>
        <ComponentName Value="RepairEditForm"/>
        <HasResources Value="True"/>
        <ResourceBaseClass Value="Form"/>
        <UnitName Value="URepairEditForm"/>
      </Unit>
      <Unit>
        <Filename Value="upretensioneditform.pas"/>
        <IsPartOfProject Value="True"/>
        <ComponentName Value="PretensionEditForm"/>
        <HasResources Value="True"/>
        <ResourceBaseClass Value="Form"/>
        <UnitName Value="UPretensionEditForm"/>
      </Unit>
      <Unit>
        <Filename Value="upretensionletterform.pas"/>
        <IsPartOfProject Value="True"/>
        <ComponentName Value="PretensionLetterForm"/>
        <HasResources Value="True"/>
        <ResourceBaseClass Value="Form"/>
        <UnitName Value="UPretensionLetterForm"/>
      </Unit>
      <Unit>
        <Filename Value="upretensionletterstandardform.pas"/>
        <IsPartOfProject Value="True"/>
        <ComponentName Value="PretensionLetterStandardForm"/>
        <HasResources Value="True"/>
        <ResourceBaseClass Value="Form"/>
        <UnitName Value="UPretensionLetterStandardForm"/>
      </Unit>
      <Unit>
        <Filename Value="uattachmenteditform.pas"/>
        <IsPartOfProject Value="True"/>
        <ComponentName Value="AttachmentEditForm"/>
        <HasResources Value="True"/>
        <ResourceBaseClass Value="Form"/>
        <UnitName Value="UAttachmentEditForm"/>
      </Unit>
      <Unit>
        <Filename Value="uattachmentform.pas"/>
        <IsPartOfProject Value="True"/>
        <ComponentName Value="AttachmentForm"/>
        <HasResources Value="True"/>
        <ResourceBaseClass Value="Form"/>
        <UnitName Value="UAttachmentForm"/>
      </Unit>
    </Units>
  </ProjectOptions>
  <CompilerOptions>
    <Version Value="11"/>
    <PathDelim Value="\"/>
    <Target>
      <Filename Value="DKClaimwork"/>
    </Target>
    <SearchPaths>
      <IncludeFiles Value="$(ProjOutDir)"/>
      <UnitOutputDirectory Value="lib\$(TargetCPU)-$(TargetOS)"/>
    </SearchPaths>
    <Linking>
      <Debugging>
        <UseHeaptrc Value="True"/>
        <UseExternalDbgSyms Value="True"/>
      </Debugging>
      <Options>
        <Win32>
          <GraphicApplication Value="True"/>
        </Win32>
      </Options>
    </Linking>
  </CompilerOptions>
  <Debugging>
    <Exceptions>
      <Item>
        <Name Value="EAbort"/>
      </Item>
      <Item>
        <Name Value="ECodetoolError"/>
      </Item>
      <Item>
        <Name Value="EFOpenError"/>
      </Item>
    </Exceptions>
  </Debugging>
</CONFIG>
